
Microsoft Visual Studio Solution File, Format Version 12.00
# Visual Studio Version 17
VisualStudioVersion = 17.9.34902.65
MinimumVisualStudioVersion = 10.0.40219.1
Project("{FAE04EC0-301F-11D3-BF4B-00C04F79EFBC}") = "SystemProject", "SystemProject.csproj", "{340D9308-A5CB-4923-A287-3FFE6A876124}"
EndProject
Global
	GlobalSection(SolutionConfigurationPlatforms) = preSolution
		Debug|Any CPU = Debug|Any CPU
		Release|Any CPU = Release|Any CPU
	EndGlobalSection
	GlobalSection(ProjectConfigurationPlatforms) = postSolution
		{340D9308-A5CB-4923-A287-3FFE6A876124}.Debug|Any CPU.ActiveCfg = Debug|Any CPU
		{340D9308-A5CB-4923-A287-3FFE6A876124}.Debug|Any CPU.Build.0 = Debug|Any CPU
		{340D9308-A5CB-4923-A287-3FFE6A876124}.Release|Any CPU.ActiveCfg = Release|Any CPU
		{340D9308-A5CB-4923-A287-3FFE6A876124}.Release|Any CPU.Build.0 = Release|Any CPU
	EndGlobalSection
	GlobalSection(SolutionProperties) = preSolution
		HideSolutionNode = FALSE
	EndGlobalSection
	GlobalSection(ExtensibilityGlobals) = postSolution
		SolutionGuid = {287F8AB6-9008-4B6D-9807-D3ED901F2145}
	EndGlobalSection
EndGlobal
